// !$*UTF8*$!
{
	archiveVersion = 1;
	classes = {
	};
	objectVersion = 56;
	objects = {

/* Begin PBXBuildFile section */
		054B3C632A202E3C00E2BA80 /* MainViewModel.swift in Sources */ = {isa = PBXBuildFile; fileRef = 054B3C622A202E3C00E2BA80 /* MainViewModel.swift */; };
		054B3C652A20341500E2BA80 /* NetworkConstant.swift in Sources */ = {isa = PBXBuildFile; fileRef = 054B3C642A20341500E2BA80 /* NetworkConstant.swift */; };
		054B3C672A20369F00E2BA80 /* APICaller.swift in Sources */ = {isa = PBXBuildFile; fileRef = 054B3C662A20369F00E2BA80 /* APICaller.swift */; };
		054B3C692A2036FA00E2BA80 /* TrendingMoviesModel.swift in Sources */ = {isa = PBXBuildFile; fileRef = 054B3C682A2036FA00E2BA80 /* TrendingMoviesModel.swift */; };
		054B3C6B2A203F1C00E2BA80 /* Observable.swift in Sources */ = {isa = PBXBuildFile; fileRef = 054B3C6A2A203F1C00E2BA80 /* Observable.swift */; };
		054B3C6F2A2051C400E2BA80 /* MainMovieCell.swift in Sources */ = {isa = PBXBuildFile; fileRef = 054B3C6D2A2051C400E2BA80 /* MainMovieCell.swift */; };
		054B3C702A2051C400E2BA80 /* MainMovieCell.xib in Resources */ = {isa = PBXBuildFile; fileRef = 054B3C6E2A2051C400E2BA80 /* MainMovieCell.xib */; };
		054B3C722A2056E700E2BA80 /* MovieTableCellViewModel.swift in Sources */ = {isa = PBXBuildFile; fileRef = 054B3C712A2056E700E2BA80 /* MovieTableCellViewModel.swift */; };
		054B3C752A205BD300E2BA80 /* SDWebImage in Frameworks */ = {isa = PBXBuildFile; productRef = 054B3C742A205BD300E2BA80 /* SDWebImage */; };
		054B3C772A205BD300E2BA80 /* SDWebImageMapKit in Frameworks */ = {isa = PBXBuildFile; productRef = 054B3C762A205BD300E2BA80 /* SDWebImageMapKit */; };
		054B3C7B2A2071C300E2BA80 /* DetailViewController.swift in Sources */ = {isa = PBXBuildFile; fileRef = 054B3C792A2071C300E2BA80 /* DetailViewController.swift */; };
		054B3C7C2A2071C300E2BA80 /* DetailViewController.xib in Resources */ = {isa = PBXBuildFile; fileRef = 054B3C7A2A2071C300E2BA80 /* DetailViewController.xib */; };
		054B3C7E2A20744800E2BA80 /* DetailMovieViewModel.swift in Sources */ = {isa = PBXBuildFile; fileRef = 054B3C7D2A20744800E2BA80 /* DetailMovieViewModel.swift */; };
		0579D99A2A1FC99700210AA5 /* AppDelegate.swift in Sources */ = {isa = PBXBuildFile; fileRef = 0579D9992A1FC99700210AA5 /* AppDelegate.swift */; };
		0579D9A32A1FC99800210AA5 /* Assets.xcassets in Resources */ = {isa = PBXBuildFile; fileRef = 0579D9A22A1FC99800210AA5 /* Assets.xcassets */; };
		0579D9A62A1FC99800210AA5 /* LaunchScreen.storyboard in Resources */ = {isa = PBXBuildFile; fileRef = 0579D9A42A1FC99800210AA5 /* LaunchScreen.storyboard */; };
		0579D9B12A1FC99800210AA5 /* MovieeAppsTests.swift in Sources */ = {isa = PBXBuildFile; fileRef = 0579D9B02A1FC99800210AA5 /* MovieeAppsTests.swift */; };
		0579D9BB2A1FC99800210AA5 /* MovieeAppsUITests.swift in Sources */ = {isa = PBXBuildFile; fileRef = 0579D9BA2A1FC99800210AA5 /* MovieeAppsUITests.swift */; };
		0579D9BD2A1FC99800210AA5 /* MovieeAppsUITestsLaunchTests.swift in Sources */ = {isa = PBXBuildFile; fileRef = 0579D9BC2A1FC99800210AA5 /* MovieeAppsUITestsLaunchTests.swift */; };
		0579D9CC2A1FCA3400210AA5 /* MainViewController.swift in Sources */ = {isa = PBXBuildFile; fileRef = 0579D9CA2A1FCA3400210AA5 /* MainViewController.swift */; };
		0579D9CD2A1FCA3400210AA5 /* MainViewController.xib in Resources */ = {isa = PBXBuildFile; fileRef = 0579D9CB2A1FCA3400210AA5 /* MainViewController.xib */; };
/* End PBXBuildFile section */

/* Begin PBXContainerItemProxy section */
		0579D9AD2A1FC99800210AA5 /* PBXContainerItemProxy */ = {
			isa = PBXContainerItemProxy;
			containerPortal = 0579D98E2A1FC99700210AA5 /* Project object */;
			proxyType = 1;
			remoteGlobalIDString = 0579D9952A1FC99700210AA5;
			remoteInfo = MovieeApps;
		};
		0579D9B72A1FC99800210AA5 /* PBXContainerItemProxy */ = {
			isa = PBXContainerItemProxy;
			containerPortal = 0579D98E2A1FC99700210AA5 /* Project object */;
			proxyType = 1;
			remoteGlobalIDString = 0579D9952A1FC99700210AA5;
			remoteInfo = MovieeApps;
		};
/* End PBXContainerItemProxy section */

/* Begin PBXFileReference section */
		054B3C622A202E3C00E2BA80 /* MainViewModel.swift */ = {isa = PBXFileReference; lastKnownFileType = sourcecode.swift; path = MainViewModel.swift; sourceTree = "<group>"; };
		054B3C642A20341500E2BA80 /* NetworkConstant.swift */ = {isa = PBXFileReference; lastKnownFileType = sourcecode.swift; path = NetworkConstant.swift; sourceTree = "<group>"; };
		054B3C662A20369F00E2BA80 /* APICaller.swift */ = {isa = PBXFileReference; lastKnownFileType = sourcecode.swift; path = APICaller.swift; sourceTree = "<group>"; };
		054B3C682A2036FA00E2BA80 /* TrendingMoviesModel.swift */ = {isa = PBXFileReference; lastKnownFileType = sourcecode.swift; path = TrendingMoviesModel.swift; sourceTree = "<group>"; };
		054B3C6A2A203F1C00E2BA80 /* Observable.swift */ = {isa = PBXFileReference; lastKnownFileType = sourcecode.swift; path = Observable.swift; sourceTree = "<group>"; };
		054B3C6D2A2051C400E2BA80 /* MainMovieCell.swift */ = {isa = PBXFileReference; lastKnownFileType = sourcecode.swift; path = MainMovieCell.swift; sourceTree = "<group>"; };
		054B3C6E2A2051C400E2BA80 /* MainMovieCell.xib */ = {isa = PBXFileReference; lastKnownFileType = file.xib; path = MainMovieCell.xib; sourceTree = "<group>"; };
		054B3C712A2056E700E2BA80 /* MovieTableCellViewModel.swift */ = {isa = PBXFileReference; lastKnownFileType = sourcecode.swift; path = MovieTableCellViewModel.swift; sourceTree = "<group>"; };
		054B3C792A2071C300E2BA80 /* DetailViewController.swift */ = {isa = PBXFileReference; lastKnownFileType = sourcecode.swift; path = DetailViewController.swift; sourceTree = "<group>"; };
		054B3C7A2A2071C300E2BA80 /* DetailViewController.xib */ = {isa = PBXFileReference; lastKnownFileType = file.xib; path = DetailViewController.xib; sourceTree = "<group>"; };
		054B3C7D2A20744800E2BA80 /* DetailMovieViewModel.swift */ = {isa = PBXFileReference; lastKnownFileType = sourcecode.swift; path = DetailMovieViewModel.swift; sourceTree = "<group>"; };
		0579D9962A1FC99700210AA5 /* MovieeApps.app */ = {isa = PBXFileReference; explicitFileType = wrapper.application; includeInIndex = 0; path = MovieeApps.app; sourceTree = BUILT_PRODUCTS_DIR; };
		0579D9992A1FC99700210AA5 /* AppDelegate.swift */ = {isa = PBXFileReference; lastKnownFileType = sourcecode.swift; path = AppDelegate.swift; sourceTree = "<group>"; };
		0579D9A22A1FC99800210AA5 /* Assets.xcassets */ = {isa = PBXFileReference; lastKnownFileType = folder.assetcatalog; path = Assets.xcassets; sourceTree = "<group>"; };
		0579D9A52A1FC99800210AA5 /* Base */ = {isa = PBXFileReference; lastKnownFileType = file.storyboard; name = Base; path = Base.lproj/LaunchScreen.storyboard; sourceTree = "<group>"; };
		0579D9A72A1FC99800210AA5 /* Info.plist */ = {isa = PBXFileReference; lastKnownFileType = text.plist.xml; path = Info.plist; sourceTree = "<group>"; };
		0579D9AC2A1FC99800210AA5 /* MovieeAppsTests.xctest */ = {isa = PBXFileReference; explicitFileType = wrapper.cfbundle; includeInIndex = 0; path = MovieeAppsTests.xctest; sourceTree = BUILT_PRODUCTS_DIR; };
		0579D9B02A1FC99800210AA5 /* MovieeAppsTests.swift */ = {isa = PBXFileReference; lastKnownFileType = sourcecode.swift; path = MovieeAppsTests.swift; sourceTree = "<group>"; };
		0579D9B62A1FC99800210AA5 /* MovieeAppsUITests.xctest */ = {isa = PBXFileReference; explicitFileType = wrapper.cfbundle; includeInIndex = 0; path = MovieeAppsUITests.xctest; sourceTree = BUILT_PRODUCTS_DIR; };
		0579D9BA2A1FC99800210AA5 /* MovieeAppsUITests.swift */ = {isa = PBXFileReference; lastKnownFileType = sourcecode.swift; path = MovieeAppsUITests.swift; sourceTree = "<group>"; };
		0579D9BC2A1FC99800210AA5 /* MovieeAppsUITestsLaunchTests.swift */ = {isa = PBXFileReference; lastKnownFileType = sourcecode.swift; path = MovieeAppsUITestsLaunchTests.swift; sourceTree = "<group>"; };
		0579D9CA2A1FCA3400210AA5 /* MainViewController.swift */ = {isa = PBXFileReference; lastKnownFileType = sourcecode.swift; path = MainViewController.swift; sourceTree = "<group>"; };
		0579D9CB2A1FCA3400210AA5 /* MainViewController.xib */ = {isa = PBXFileReference; lastKnownFileType = file.xib; path = MainViewController.xib; sourceTree = "<group>"; };
/* End PBXFileReference section */

/* Begin PBXFrameworksBuildPhase section */
		0579D9932A1FC99700210AA5 /* Frameworks */ = {
			isa = PBXFrameworksBuildPhase;
			buildActionMask = 2147483647;
			files = (
				054B3C772A205BD300E2BA80 /* SDWebImageMapKit in Frameworks */,
				054B3C752A205BD300E2BA80 /* SDWebImage in Frameworks */,
			);
			runOnlyForDeploymentPostprocessing = 0;
		};
		0579D9A92A1FC99800210AA5 /* Frameworks */ = {
			isa = PBXFrameworksBuildPhase;
			buildActionMask = 2147483647;
			files = (
			);
			runOnlyForDeploymentPostprocessing = 0;
		};
		0579D9B32A1FC99800210AA5 /* Frameworks */ = {
			isa = PBXFrameworksBuildPhase;
			buildActionMask = 2147483647;
			files = (
			);
			runOnlyForDeploymentPostprocessing = 0;
		};
/* End PBXFrameworksBuildPhase section */

/* Begin PBXGroup section */
		054B3C6C2A20519000E2BA80 /* MainMovieCell */ = {
			isa = PBXGroup;
			children = (
				054B3C6D2A2051C400E2BA80 /* MainMovieCell.swift */,
				054B3C6E2A2051C400E2BA80 /* MainMovieCell.xib */,
			);
			path = MainMovieCell;
			sourceTree = "<group>";
		};
		054B3C782A20719700E2BA80 /* DetailViewController */ = {
			isa = PBXGroup;
			children = (
				054B3C792A2071C300E2BA80 /* DetailViewController.swift */,
				054B3C7A2A2071C300E2BA80 /* DetailViewController.xib */,
			);
			path = DetailViewController;
			sourceTree = "<group>";
		};
		0579D98D2A1FC99700210AA5 = {
			isa = PBXGroup;
			children = (
				0579D9982A1FC99700210AA5 /* MovieeApps */,
				0579D9AF2A1FC99800210AA5 /* MovieeAppsTests */,
				0579D9B92A1FC99800210AA5 /* MovieeAppsUITests */,
				0579D9972A1FC99700210AA5 /* Products */,
			);
			sourceTree = "<group>";
		};
		0579D9972A1FC99700210AA5 /* Products */ = {
			isa = PBXGroup;
			children = (
				0579D9962A1FC99700210AA5 /* MovieeApps.app */,
				0579D9AC2A1FC99800210AA5 /* MovieeAppsTests.xctest */,
				0579D9B62A1FC99800210AA5 /* MovieeAppsUITests.xctest */,
			);
			name = Products;
			sourceTree = "<group>";
		};
		0579D9982A1FC99700210AA5 /* MovieeApps */ = {
			isa = PBXGroup;
			children = (
				0579D9D52A1FCCD200210AA5 /* Networking */,
				0579D9D42A1FCCC800210AA5 /* Extension */,
				0579D9D32A1FCCC000210AA5 /* Resources */,
				0579D9D22A1FCCB600210AA5 /* Classes */,
				0579D9D12A1FCCB000210AA5 /* Model */,
				0579D9D02A1FCCA800210AA5 /* Controllers */,
				0579D9CF2A1FCC9F00210AA5 /* ViewModel */,
				0579D9CE2A1FCC9800210AA5 /* View */,
				0579D9992A1FC99700210AA5 /* AppDelegate.swift */,
				0579D9A22A1FC99800210AA5 /* Assets.xcassets */,
				0579D9A72A1FC99800210AA5 /* Info.plist */,
			);
			path = MovieeApps;
			sourceTree = "<group>";
		};
		0579D9AF2A1FC99800210AA5 /* MovieeAppsTests */ = {
			isa = PBXGroup;
			children = (
				0579D9B02A1FC99800210AA5 /* MovieeAppsTests.swift */,
			);
			path = MovieeAppsTests;
			sourceTree = "<group>";
		};
		0579D9B92A1FC99800210AA5 /* MovieeAppsUITests */ = {
			isa = PBXGroup;
			children = (
				0579D9BA2A1FC99800210AA5 /* MovieeAppsUITests.swift */,
				0579D9BC2A1FC99800210AA5 /* MovieeAppsUITestsLaunchTests.swift */,
			);
			path = MovieeAppsUITests;
			sourceTree = "<group>";
		};
		0579D9C92A1FCA2300210AA5 /* MainViewController */ = {
			isa = PBXGroup;
			children = (
				0579D9CA2A1FCA3400210AA5 /* MainViewController.swift */,
				0579D9CB2A1FCA3400210AA5 /* MainViewController.xib */,
			);
			path = MainViewController;
			sourceTree = "<group>";
		};
		0579D9CE2A1FCC9800210AA5 /* View */ = {
			isa = PBXGroup;
			children = (
				054B3C6C2A20519000E2BA80 /* MainMovieCell */,
				0579D9A42A1FC99800210AA5 /* LaunchScreen.storyboard */,
			);
			path = View;
			sourceTree = "<group>";
		};
		0579D9CF2A1FCC9F00210AA5 /* ViewModel */ = {
			isa = PBXGroup;
			children = (
				054B3C622A202E3C00E2BA80 /* MainViewModel.swift */,
				054B3C712A2056E700E2BA80 /* MovieTableCellViewModel.swift */,
				054B3C7D2A20744800E2BA80 /* DetailMovieViewModel.swift */,
			);
			path = ViewModel;
			sourceTree = "<group>";
		};
		0579D9D02A1FCCA800210AA5 /* Controllers */ = {
			isa = PBXGroup;
			children = (
				054B3C782A20719700E2BA80 /* DetailViewController */,
				0579D9C92A1FCA2300210AA5 /* MainViewController */,
			);
			path = Controllers;
			sourceTree = "<group>";
		};
		0579D9D12A1FCCB000210AA5 /* Model */ = {
			isa = PBXGroup;
			children = (
				054B3C682A2036FA00E2BA80 /* TrendingMoviesModel.swift */,
			);
			path = Model;
			sourceTree = "<group>";
		};
		0579D9D22A1FCCB600210AA5 /* Classes */ = {
			isa = PBXGroup;
			children = (
				054B3C6A2A203F1C00E2BA80 /* Observable.swift */,
			);
			path = Classes;
			sourceTree = "<group>";
		};
		0579D9D32A1FCCC000210AA5 /* Resources */ = {
			isa = PBXGroup;
			children = (
			);
			path = Resources;
			sourceTree = "<group>";
		};
		0579D9D42A1FCCC800210AA5 /* Extension */ = {
			isa = PBXGroup;
			children = (
			);
			path = Extension;
			sourceTree = "<group>";
		};
		0579D9D52A1FCCD200210AA5 /* Networking */ = {
			isa = PBXGroup;
			children = (
				054B3C642A20341500E2BA80 /* NetworkConstant.swift */,
				054B3C662A20369F00E2BA80 /* APICaller.swift */,
			);
			path = Networking;
			sourceTree = "<group>";
		};
/* End PBXGroup section */

/* Begin PBXNativeTarget section */
		0579D9952A1FC99700210AA5 /* MovieeApps */ = {
			isa = PBXNativeTarget;
			buildConfigurationList = 0579D9C02A1FC99800210AA5 /* Build configuration list for PBXNativeTarget "MovieeApps" */;
			buildPhases = (
				0579D9922A1FC99700210AA5 /* Sources */,
				0579D9932A1FC99700210AA5 /* Frameworks */,
				0579D9942A1FC99700210AA5 /* Resources */,
			);
			buildRules = (
			);
			dependencies = (
			);
			name = MovieeApps;
			packageProductDependencies = (
				054B3C742A205BD300E2BA80 /* SDWebImage */,
				054B3C762A205BD300E2BA80 /* SDWebImageMapKit */,
			);
			productName = MovieeApps;
			productReference = 0579D9962A1FC99700210AA5 /* MovieeApps.app */;
			productType = "com.apple.product-type.application";
		};
		0579D9AB2A1FC99800210AA5 /* MovieeAppsTests */ = {
			isa = PBXNativeTarget;
			buildConfigurationList = 0579D9C32A1FC99800210AA5 /* Build configuration list for PBXNativeTarget "MovieeAppsTests" */;
			buildPhases = (
				0579D9A82A1FC99800210AA5 /* Sources */,
				0579D9A92A1FC99800210AA5 /* Frameworks */,
				0579D9AA2A1FC99800210AA5 /* Resources */,
			);
			buildRules = (
			);
			dependencies = (
				0579D9AE2A1FC99800210AA5 /* PBXTargetDependency */,
			);
			name = MovieeAppsTests;
			productName = MovieeAppsTests;
			productReference = 0579D9AC2A1FC99800210AA5 /* MovieeAppsTests.xctest */;
			productType = "com.apple.product-type.bundle.unit-test";
		};
		0579D9B52A1FC99800210AA5 /* MovieeAppsUITests */ = {
			isa = PBXNativeTarget;
			buildConfigurationList = 0579D9C62A1FC99800210AA5 /* Build configuration list for PBXNativeTarget "MovieeAppsUITests" */;
			buildPhases = (
				0579D9B22A1FC99800210AA5 /* Sources */,
				0579D9B32A1FC99800210AA5 /* Frameworks */,
				0579D9B42A1FC99800210AA5 /* Resources */,
			);
			buildRules = (
			);
			dependencies = (
				0579D9B82A1FC99800210AA5 /* PBXTargetDependency */,
			);
			name = MovieeAppsUITests;
			productName = MovieeAppsUITests;
			productReference = 0579D9B62A1FC99800210AA5 /* MovieeAppsUITests.xctest */;
			productType = "com.apple.product-type.bundle.ui-testing";
		};
/* End PBXNativeTarget section */

/* Begin PBXProject section */
		0579D98E2A1FC99700210AA5 /* Project object */ = {
			isa = PBXProject;
			attributes = {
				BuildIndependentTargetsInParallel = 1;
				LastSwiftUpdateCheck = 1430;
				LastUpgradeCheck = 1430;
				TargetAttributes = {
					0579D9952A1FC99700210AA5 = {
						CreatedOnToolsVersion = 14.3;
					};
					0579D9AB2A1FC99800210AA5 = {
						CreatedOnToolsVersion = 14.3;
						TestTargetID = 0579D9952A1FC99700210AA5;
					};
					0579D9B52A1FC99800210AA5 = {
						CreatedOnToolsVersion = 14.3;
						TestTargetID = 0579D9952A1FC99700210AA5;
					};
				};
			};
			buildConfigurationList = 0579D9912A1FC99700210AA5 /* Build configuration list for PBXProject "MovieeApps" */;
			compatibilityVersion = "Xcode 14.0";
			developmentRegion = en;
			hasScannedForEncodings = 0;
			knownRegions = (
				en,
				Base,
			);
			mainGroup = 0579D98D2A1FC99700210AA5;
			packageReferences = (
				054B3C732A205BD300E2BA80 /* XCRemoteSwiftPackageReference "SDWebImage" */,
			);
			productRefGroup = 0579D9972A1FC99700210AA5 /* Products */;
			projectDirPath = "";
			projectRoot = "";
			targets = (
				0579D9952A1FC99700210AA5 /* MovieeApps */,
				0579D9AB2A1FC99800210AA5 /* MovieeAppsTests */,
				0579D9B52A1FC99800210AA5 /* MovieeAppsUITests */,
			);
		};
/* End PBXProject section */

/* Begin PBXResourcesBuildPhase section */
		0579D9942A1FC99700210AA5 /* Resources */ = {
			isa = PBXResourcesBuildPhase;
			buildActionMask = 2147483647;
			files = (
				0579D9A62A1FC99800210AA5 /* LaunchScreen.storyboard in Resources */,
				0579D9CD2A1FCA3400210AA5 /* MainViewController.xib in Resources */,
				054B3C7C2A2071C300E2BA80 /* DetailViewController.xib in Resources */,
				0579D9A32A1FC99800210AA5 /* Assets.xcassets in Resources */,
				054B3C702A2051C400E2BA80 /* MainMovieCell.xib in Resources */,
			);
			runOnlyForDeploymentPostprocessing = 0;
		};
		0579D9AA2A1FC99800210AA5 /* Resources */ = {
			isa = PBXResourcesBuildPhase;
			buildActionMask = 2147483647;
			files = (
			);
			runOnlyForDeploymentPostprocessing = 0;
		};
		0579D9B42A1FC99800210AA5 /* Resources */ = {
			isa = PBXResourcesBuildPhase;
			buildActionMask = 2147483647;
			files = (
			);
			runOnlyForDeploymentPostprocessing = 0;
		};
/* End PBXResourcesBuildPhase section */

/* Begin PBXSourcesBuildPhase section */
		0579D9922A1FC99700210AA5 /* Sources */ = {
			isa = PBXSourcesBuildPhase;
			buildActionMask = 2147483647;
			files = (
				054B3C652A20341500E2BA80 /* NetworkConstant.swift in Sources */,
				0579D99A2A1FC99700210AA5 /* AppDelegate.swift in Sources */,
				054B3C7E2A20744800E2BA80 /* DetailMovieViewModel.swift in Sources */,
				054B3C722A2056E700E2BA80 /* MovieTableCellViewModel.swift in Sources */,
				0579D9CC2A1FCA3400210AA5 /* MainViewController.swift in Sources */,
				054B3C6F2A2051C400E2BA80 /* MainMovieCell.swift in Sources */,
				054B3C6B2A203F1C00E2BA80 /* Observable.swift in Sources */,
				054B3C672A20369F00E2BA80 /* APICaller.swift in Sources */,
				054B3C7B2A2071C300E2BA80 /* DetailViewController.swift in Sources */,
				054B3C632A202E3C00E2BA80 /* MainViewModel.swift in Sources */,
				054B3C692A2036FA00E2BA80 /* TrendingMoviesModel.swift in Sources */,
			);
			runOnlyForDeploymentPostprocessing = 0;
		};
		0579D9A82A1FC99800210AA5 /* Sources */ = {
			isa = PBXSourcesBuildPhase;
			buildActionMask = 2147483647;
			files = (
				0579D9B12A1FC99800210AA5 /* MovieeAppsTests.swift in Sources */,
			);
			runOnlyForDeploymentPostprocessing = 0;
		};
		0579D9B22A1FC99800210AA5 /* Sources */ = {
			isa = PBXSourcesBuildPhase;
			buildActionMask = 2147483647;
			files = (
				0579D9BB2A1FC99800210AA5 /* MovieeAppsUITests.swift in Sources */,
				0579D9BD2A1FC99800210AA5 /* MovieeAppsUITestsLaunchTests.swift in Sources */,
			);
			runOnlyForDeploymentPostprocessing = 0;
		};
/* End PBXSourcesBuildPhase section */

/* Begin PBXTargetDependency section */
		0579D9AE2A1FC99800210AA5 /* PBXTargetDependency */ = {
			isa = PBXTargetDependency;
			target = 0579D9952A1FC99700210AA5 /* MovieeApps */;
			targetProxy = 0579D9AD2A1FC99800210AA5 /* PBXContainerItemProxy */;
		};
		0579D9B82A1FC99800210AA5 /* PBXTargetDependency */ = {
			isa = PBXTargetDependency;
			target = 0579D9952A1FC99700210AA5 /* MovieeApps */;
			targetProxy = 0579D9B72A1FC99800210AA5 /* PBXContainerItemProxy */;
		};
/* End PBXTargetDependency section */

/* Begin PBXVariantGroup section */
		0579D9A42A1FC99800210AA5 /* LaunchScreen.storyboard */ = {
			isa = PBXVariantGroup;
			children = (
				0579D9A52A1FC99800210AA5 /* Base */,
			);
			name = LaunchScreen.storyboard;
			sourceTree = "<group>";
		};
/* End PBXVariantGroup section */

/* Begin XCBuildConfiguration section */
		0579D9BE2A1FC99800210AA5 /* Debug */ = {
			isa = XCBuildConfiguration;
			buildSettings = {
				ALWAYS_SEARCH_USER_PATHS = NO;
				CLANG_ANALYZER_NONNULL = YES;
				CLANG_ANALYZER_NUMBER_OBJECT_CONVERSION = YES_AGGRESSIVE;
				CLANG_CXX_LANGUAGE_STANDARD = "gnu++20";
				CLANG_ENABLE_MODULES = YES;
				CLANG_ENABLE_OBJC_ARC = YES;
				CLANG_ENABLE_OBJC_WEAK = YES;
				CLANG_WARN_BLOCK_CAPTURE_AUTORELEASING = YES;
				CLANG_WARN_BOOL_CONVERSION = YES;
				CLANG_WARN_COMMA = YES;
				CLANG_WARN_CONSTANT_CONVERSION = YES;
				CLANG_WARN_DEPRECATED_OBJC_IMPLEMENTATIONS = YES;
				CLANG_WARN_DIRECT_OBJC_ISA_USAGE = YES_ERROR;
				CLANG_WARN_DOCUMENTATION_COMMENTS = YES;
				CLANG_WARN_EMPTY_BODY = YES;
				CLANG_WARN_ENUM_CONVERSION = YES;
				CLANG_WARN_INFINITE_RECURSION = YES;
				CLANG_WARN_INT_CONVERSION = YES;
				CLANG_WARN_NON_LITERAL_NULL_CONVERSION = YES;
				CLANG_WARN_OBJC_IMPLICIT_RETAIN_SELF = YES;
				CLANG_WARN_OBJC_LITERAL_CONVERSION = YES;
				CLANG_WARN_OBJC_ROOT_CLASS = YES_ERROR;
				CLANG_WARN_QUOTED_INCLUDE_IN_FRAMEWORK_HEADER = YES;
				CLANG_WARN_RANGE_LOOP_ANALYSIS = YES;
				CLANG_WARN_STRICT_PROTOTYPES = YES;
				CLANG_WARN_SUSPICIOUS_MOVE = YES;
				CLANG_WARN_UNGUARDED_AVAILABILITY = YES_AGGRESSIVE;
				CLANG_WARN_UNREACHABLE_CODE = YES;
				CLANG_WARN__DUPLICATE_METHOD_MATCH = YES;
				COPY_PHASE_STRIP = NO;
				DEBUG_INFORMATION_FORMAT = dwarf;
				ENABLE_STRICT_OBJC_MSGSEND = YES;
				ENABLE_TESTABILITY = YES;
				GCC_C_LANGUAGE_STANDARD = gnu11;
				GCC_DYNAMIC_NO_PIC = NO;
				GCC_NO_COMMON_BLOCKS = YES;
				GCC_OPTIMIZATION_LEVEL = 0;
				GCC_PREPROCESSOR_DEFINITIONS = (
					"DEBUG=1",
					"$(inherited)",
				);
				GCC_WARN_64_TO_32_BIT_CONVERSION = YES;
				GCC_WARN_ABOUT_RETURN_TYPE = YES_ERROR;
				GCC_WARN_UNDECLARED_SELECTOR = YES;
				GCC_WARN_UNINITIALIZED_AUTOS = YES_AGGRESSIVE;
				GCC_WARN_UNUSED_FUNCTION = YES;
				GCC_WARN_UNUSED_VARIABLE = YES;
				IPHONEOS_DEPLOYMENT_TARGET = 16.4;
				MTL_ENABLE_DEBUG_INFO = INCLUDE_SOURCE;
				MTL_FAST_MATH = YES;
				ONLY_ACTIVE_ARCH = YES;
				SDKROOT = iphoneos;
				SWIFT_ACTIVE_COMPILATION_CONDITIONS = DEBUG;
				SWIFT_OPTIMIZATION_LEVEL = "-Onone";
			};
			name = Debug;
		};
		0579D9BF2A1FC99800210AA5 /* Release */ = {
			isa = XCBuildConfiguration;
			buildSettings = {
				ALWAYS_SEARCH_USER_PATHS = NO;
				CLANG_ANALYZER_NONNULL = YES;
				CLANG_ANALYZER_NUMBER_OBJECT_CONVERSION = YES_AGGRESSIVE;
				CLANG_CXX_LANGUAGE_STANDARD = "gnu++20";
				CLANG_ENABLE_MODULES = YES;
				CLANG_ENABLE_OBJC_ARC = YES;
				CLANG_ENABLE_OBJC_WEAK = YES;
				CLANG_WARN_BLOCK_CAPTURE_AUTORELEASING = YES;
				CLANG_WARN_BOOL_CONVERSION = YES;
				CLANG_WARN_COMMA = YES;
				CLANG_WARN_CONSTANT_CONVERSION = YES;
				CLANG_WARN_DEPRECATED_OBJC_IMPLEMENTATIONS = YES;
				CLANG_WARN_DIRECT_OBJC_ISA_USAGE = YES_ERROR;
				CLANG_WARN_DOCUMENTATION_COMMENTS = YES;
				CLANG_WARN_EMPTY_BODY = YES;
				CLANG_WARN_ENUM_CONVERSION = YES;
				CLANG_WARN_INFINITE_RECURSION = YES;
				CLANG_WARN_INT_CONVERSION = YES;
				CLANG_WARN_NON_LITERAL_NULL_CONVERSION = YES;
				CLANG_WARN_OBJC_IMPLICIT_RETAIN_SELF = YES;
				CLANG_WARN_OBJC_LITERAL_CONVERSION = YES;
				CLANG_WARN_OBJC_ROOT_CLASS = YES_ERROR;
				CLANG_WARN_QUOTED_INCLUDE_IN_FRAMEWORK_HEADER = YES;
				CLANG_WARN_RANGE_LOOP_ANALYSIS = YES;
				CLANG_WARN_STRICT_PROTOTYPES = YES;
				CLANG_WARN_SUSPICIOUS_MOVE = YES;
				CLANG_WARN_UNGUARDED_AVAILABILITY = YES_AGGRESSIVE;
				CLANG_WARN_UNREACHABLE_CODE = YES;
				CLANG_WARN__DUPLICATE_METHOD_MATCH = YES;
				COPY_PHASE_STRIP = NO;
				DEBUG_INFORMATION_FORMAT = "dwarf-with-dsym";
				ENABLE_NS_ASSERTIONS = NO;
				ENABLE_STRICT_OBJC_MSGSEND = YES;
				GCC_C_LANGUAGE_STANDARD = gnu11;
				GCC_NO_COMMON_BLOCKS = YES;
				GCC_WARN_64_TO_32_BIT_CONVERSION = YES;
				GCC_WARN_ABOUT_RETURN_TYPE = YES_ERROR;
				GCC_WARN_UNDECLARED_SELECTOR = YES;
				GCC_WARN_UNINITIALIZED_AUTOS = YES_AGGRESSIVE;
				GCC_WARN_UNUSED_FUNCTION = YES;
				GCC_WARN_UNUSED_VARIABLE = YES;
				IPHONEOS_DEPLOYMENT_TARGET = 16.4;
				MTL_ENABLE_DEBUG_INFO = NO;
				MTL_FAST_MATH = YES;
				SDKROOT = iphoneos;
				SWIFT_COMPILATION_MODE = wholemodule;
				SWIFT_OPTIMIZATION_LEVEL = "-O";
				VALIDATE_PRODUCT = YES;
			};
			name = Release;
		};
		0579D9C12A1FC99800210AA5 /* Debug */ = {
			isa = XCBuildConfiguration;
			buildSettings = {
				ASSETCATALOG_COMPILER_APPICON_NAME = AppIcon;
				ASSETCATALOG_COMPILER_GLOBAL_ACCENT_COLOR_NAME = AccentColor;
				CODE_SIGN_STYLE = Automatic;
				CURRENT_PROJECT_VERSION = 1;
				DEVELOPMENT_TEAM = K5D9U5CH3A;
				GENERATE_INFOPLIST_FILE = YES;
				INFOPLIST_FILE = MovieeApps/Info.plist;
				INFOPLIST_KEY_UIApplicationSupportsIndirectInputEvents = YES;
				INFOPLIST_KEY_UILaunchStoryboardName = LaunchScreen;
				INFOPLIST_KEY_UISupportedInterfaceOrientations_iPad = "UIInterfaceOrientationPortrait UIInterfaceOrientationPortraitUpsideDown UIInterfaceOrientationLandscapeLeft UIInterfaceOrientationLandscapeRight";
				INFOPLIST_KEY_UISupportedInterfaceOrientations_iPhone = "UIInterfaceOrientationPortrait UIInterfaceOrientationLandscapeLeft UIInterfaceOrientationLandscapeRight";
				IPHONEOS_DEPLOYMENT_TARGET = 13.0;
				LD_RUNPATH_SEARCH_PATHS = (
					"$(inherited)",
					"@executable_path/Frameworks",
				);
				MARKETING_VERSION = 1.0;
				PRODUCT_BUNDLE_IDENTIFIER = com.moviedeneme.MovieeApps;
				PRODUCT_NAME = "$(TARGET_NAME)";
				SWIFT_EMIT_LOC_STRINGS = YES;
				SWIFT_VERSION = 5.0;
				TARGETED_DEVICE_FAMILY = "1,2";
			};
			name = Debug;
		};
		0579D9C22A1FC99800210AA5 /* Release */ = {
			isa = XCBuildConfiguration;
			buildSettings = {
				ASSETCATALOG_COMPILER_APPICON_NAME = AppIcon;
				ASSETCATALOG_COMPILER_GLOBAL_ACCENT_COLOR_NAME = AccentColor;
				CODE_SIGN_STYLE = Automatic;
				CURRENT_PROJECT_VERSION = 1;
				DEVELOPMENT_TEAM = K5D9U5CH3A;
				GENERATE_INFOPLIST_FILE = YES;
				INFOPLIST_FILE = MovieeApps/Info.plist;
				INFOPLIST_KEY_UIApplicationSupportsIndirectInputEvents = YES;
				INFOPLIST_KEY_UILaunchStoryboardName = LaunchScreen;
				INFOPLIST_KEY_UISupportedInterfaceOrientations_iPad = "UIInterfaceOrientationPortrait UIInterfaceOrientationPortraitUpsideDown UIInterfaceOrientationLandscapeLeft UIInterfaceOrientationLandscapeRight";
				INFOPLIST_KEY_UISupportedInterfaceOrientations_iPhone = "UIInterfaceOrientationPortrait UIInterfaceOrientationLandscapeLeft UIInterfaceOrientationLandscapeRight";
				IPHONEOS_DEPLOYMENT_TARGET = 13.0;
				LD_RUNPATH_SEARCH_PATHS = (
					"$(inherited)",
					"@executable_path/Frameworks",
				);
				MARKETING_VERSION = 1.0;
				PRODUCT_BUNDLE_IDENTIFIER = com.moviedeneme.MovieeApps;
				PRODUCT_NAME = "$(TARGET_NAME)";
				SWIFT_EMIT_LOC_STRINGS = YES;
				SWIFT_VERSION = 5.0;
				TARGETED_DEVICE_FAMILY = "1,2";
			};
			name = Release;
		};
		0579D9C42A1FC99800210AA5 /* Debug */ = {
			isa = XCBuildConfiguration;
			buildSettings = {
				ALWAYS_EMBED_SWIFT_STANDARD_LIBRARIES = YES;
				BUNDLE_LOADER = "$(TEST_HOST)";
				CODE_SIGN_STYLE = Automatic;
				CURRENT_PROJECT_VERSION = 1;
				DEVELOPMENT_TEAM = K5D9U5CH3A;
				GENERATE_INFOPLIST_FILE = YES;
				IPHONEOS_DEPLOYMENT_TARGET = 16.4;
				MARKETING_VERSION = 1.0;
				PRODUCT_BUNDLE_IDENTIFIER = com.moviedeneme.MovieeAppsTests;
				PRODUCT_NAME = "$(TARGET_NAME)";
				SWIFT_EMIT_LOC_STRINGS = NO;
				SWIFT_VERSION = 5.0;
				TARGETED_DEVICE_FAMILY = "1,2";
				TEST_HOST = "$(BUILT_PRODUCTS_DIR)/MovieeApps.app/$(BUNDLE_EXECUTABLE_FOLDER_PATH)/MovieeApps";
			};
			name = Debug;
		};
		0579D9C52A1FC99800210AA5 /* Release */ = {
			isa = XCBuildConfiguration;
			buildSettings = {
				ALWAYS_EMBED_SWIFT_STANDARD_LIBRARIES = YES;
				BUNDLE_LOADER = "$(TEST_HOST)";
				CODE_SIGN_STYLE = Automatic;
				CURRENT_PROJECT_VERSION = 1;
				DEVELOPMENT_TEAM = K5D9U5CH3A;
				GENERATE_INFOPLIST_FILE = YES;
				IPHONEOS_DEPLOYMENT_TARGET = 16.4;
				MARKETING_VERSION = 1.0;
				PRODUCT_BUNDLE_IDENTIFIER = com.moviedeneme.MovieeAppsTests;
				PRODUCT_NAME = "$(TARGET_NAME)";
				SWIFT_EMIT_LOC_STRINGS = NO;
				SWIFT_VERSION = 5.0;
				TARGETED_DEVICE_FAMILY = "1,2";
				TEST_HOST = "$(BUILT_PRODUCTS_DIR)/MovieeApps.app/$(BUNDLE_EXECUTABLE_FOLDER_PATH)/MovieeApps";
			};
			name = Release;
		};
		0579D9C72A1FC99800210AA5 /* Debug */ = {
			isa = XCBuildConfiguration;
			buildSettings = {
				ALWAYS_EMBED_SWIFT_STANDARD_LIBRARIES = YES;
				CODE_SIGN_STYLE = Automatic;
				CURRENT_PROJECT_VERSION = 1;
				DEVELOPMENT_TEAM = K5D9U5CH3A;
				GENERATE_INFOPLIST_FILE = YES;
				MARKETING_VERSION = 1.0;
				PRODUCT_BUNDLE_IDENTIFIER = com.moviedeneme.MovieeAppsUITests;
				PRODUCT_NAME = "$(TARGET_NAME)";
				SWIFT_EMIT_LOC_STRINGS = NO;
				SWIFT_VERSION = 5.0;
				TARGETED_DEVICE_FAMILY = "1,2";
				TEST_TARGET_NAME = MovieeApps;
			};
			name = Debug;
		};
		0579D9C82A1FC99800210AA5 /* Release */ = {
			isa = XCBuildConfiguration;
			buildSettings = {
				ALWAYS_EMBED_SWIFT_STANDARD_LIBRARIES = YES;
				CODE_SIGN_STYLE = Automatic;
				CURRENT_PROJECT_VERSION = 1;
				DEVELOPMENT_TEAM = K5D9U5CH3A;
				GENERATE_INFOPLIST_FILE = YES;
				MARKETING_VERSION = 1.0;
				PRODUCT_BUNDLE_IDENTIFIER = com.moviedeneme.MovieeAppsUITests;
				PRODUCT_NAME = "$(TARGET_NAME)";
				SWIFT_EMIT_LOC_STRINGS = NO;
				SWIFT_VERSION = 5.0;
				TARGETED_DEVICE_FAMILY = "1,2";
				TEST_TARGET_NAME = MovieeApps;
			};
			name = Release;
		};
/* End XCBuildConfiguration section */

/* Begin XCConfigurationList section */
		0579D9912A1FC99700210AA5 /* Build configuration list for PBXProject "MovieeApps" */ = {
			isa = XCConfigurationList;
			buildConfigurations = (
				0579D9BE2A1FC99800210AA5 /* Debug */,
				0579D9BF2A1FC99800210AA5 /* Release */,
			);
			defaultConfigurationIsVisible = 0;
			defaultConfigurationName = Release;
		};
		0579D9C02A1FC99800210AA5 /* Build configuration list for PBXNativeTarget "MovieeApps" */ = {
			isa = XCConfigurationList;
			buildConfigurations = (
				0579D9C12A1FC99800210AA5 /* Debug */,
				0579D9C22A1FC99800210AA5 /* Release */,
			);
			defaultConfigurationIsVisible = 0;
			defaultConfigurationName = Release;
		};
		0579D9C32A1FC99800210AA5 /* Build configuration list for PBXNativeTarget "MovieeAppsTests" */ = {
			isa = XCConfigurationList;
			buildConfigurations = (
				0579D9C42A1FC99800210AA5 /* Debug */,
				0579D9C52A1FC99800210AA5 /* Release */,
			);
			defaultConfigurationIsVisible = 0;
			defaultConfigurationName = Release;
		};
		0579D9C62A1FC99800210AA5 /* Build configuration list for PBXNativeTarget "MovieeAppsUITests" */ = {
			isa = XCConfigurationList;
			buildConfigurations = (
				0579D9C72A1FC99800210AA5 /* Debug */,
				0579D9C82A1FC99800210AA5 /* Release */,
			);
			defaultConfigurationIsVisible = 0;
			defaultConfigurationName = Release;
		};
/* End XCConfigurationList section */

/* Begin XCRemoteSwiftPackageReference section */
		054B3C732A205BD300E2BA80 /* XCRemoteSwiftPackageReference "SDWebImage" */ = {
			isa = XCRemoteSwiftPackageReference;
			repositoryURL = "https://github.com/SDWebImage/SDWebImage";
			requirement = {
				kind = upToNextMajorVersion;
				minimumVersion = 5.0.0;
			};
		};
/* End XCRemoteSwiftPackageReference section */

/* Begin XCSwiftPackageProductDependency section */
		054B3C742A205BD300E2BA80 /* SDWebImage */ = {
			isa = XCSwiftPackageProductDependency;
			package = 054B3C732A205BD300E2BA80 /* XCRemoteSwiftPackageReference "SDWebImage" */;
			productName = SDWebImage;
		};
		054B3C762A205BD300E2BA80 /* SDWebImageMapKit */ = {
			isa = XCSwiftPackageProductDependency;
			package = 054B3C732A205BD300E2BA80 /* XCRemoteSwiftPackageReference "SDWebImage" */;
			productName = SDWebImageMapKit;
		};
/* End XCSwiftPackageProductDependency section */
	};
	rootObject = 0579D98E2A1FC99700210AA5 /* Project object */;
}
